{
  "name": "k6",
  "version": "1.0.0",
  "lockfileVersion": 2,
  "requires": true,
  "packages": {
    "": {
      "name": "k6",
      "version": "1.0.0",
      "license": "ISC",
      "devDependencies": {
        "@types/k6": "^0.34.3"
      }
    },
    "node_modules/@types/k6": {
      "version": "0.34.3",
      "resolved": "https://registry.npmjs.org/@types/k6/-/k6-0.34.3.tgz",
      "integrity": "sha512-+IDtg7q7tmER2ywKBU15gVjG9u9kkrlt/r+xjd8ZBUtdDSyWu+hvC02NHoJ5Is5aLLan/FcLRSKHNgCy3V2DWA==",
      "dev": true
    }
  },
  "dependencies": {
    "@types/k6": {
      "version": "0.34.3",
      "resolved": "https://registry.npmjs.org/@types/k6/-/k6-0.34.3.tgz",
      "integrity": "sha512-+IDtg7q7tmER2ywKBU15gVjG9u9kkrlt/r+xjd8ZBUtdDSyWu+hvC02NHoJ5Is5aLLan/FcLRSKHNgCy3V2DWA==",
      "dev": true
    }
  }
}
